{
  "requires": true,
  "lockfileVersion": 1,
  "dependencies": {
    "sweetalert2": {
      "version": "9.15.1",
      "resolved": "https://registry.npmjs.org/sweetalert2/-/sweetalert2-9.15.1.tgz",
      "integrity": "sha512-RQiw9kPSyH2VUx+B6ShdFwJBeyztLZd66d8QhhdgSnqm1KO2gGy81fTkVYY5JSYvZSt+KwG0fAxmCwfyW82RZQ=="
    }
  }
}
